
Microsoft Visual Studio Solution File, Format Version 12.00
# Visual Studio Version 17
VisualStudioVersion = 17.5.002.0
MinimumVisualStudioVersion = 10.0.40219.1
Project("{9A19103F-16F7-4668-BE54-9A1E7A4F7556}") = "KoiPond", "KoiPond.csproj", "{160A1D91-74EB-4A8C-B17F-909F5BF5B05F}"
EndProject
Global
	GlobalSection(SolutionConfigurationPlatforms) = preSolution
		Debug|Any CPU = Debug|Any CPU
		Release|Any CPU = Release|Any CPU
	EndGlobalSection
	GlobalSection(ProjectConfigurationPlatforms) = postSolution
		{160A1D91-74EB-4A8C-B17F-909F5BF5B05F}.Debug|Any CPU.ActiveCfg = Debug|Any CPU
		{160A1D91-74EB-4A8C-B17F-909F5BF5B05F}.Debug|Any CPU.Build.0 = Debug|Any CPU
		{160A1D91-74EB-4A8C-B17F-909F5BF5B05F}.Release|Any CPU.ActiveCfg = Release|Any CPU
		{160A1D91-74EB-4A8C-B17F-909F5BF5B05F}.Release|Any CPU.Build.0 = Release|Any CPU
	EndGlobalSection
	GlobalSection(SolutionProperties) = preSolution
		HideSolutionNode = FALSE
	EndGlobalSection
	GlobalSection(ExtensibilityGlobals) = postSolution
		SolutionGuid = {F101CC7C-FC5E-42B1-A3C4-2F95384ECB98}
	EndGlobalSection
EndGlobal
