
Microsoft Visual Studio Solution File, Format Version 12.00
# Visual Studio Version 17
VisualStudioVersion = 17.11.35312.102
MinimumVisualStudioVersion = 10.0.40219.1
Project("{FAE04EC0-301F-11D3-BF4B-00C04F79EFBC}") = "Hahi", "Hahi\Hahi.csproj", "{F9F92941-476D-4B6D-8D3D-A9E4FBE3B56F}"
EndProject
Global
	GlobalSection(SolutionConfigurationPlatforms) = preSolution
		Debug|Any CPU = Debug|Any CPU
		Release|Any CPU = Release|Any CPU
	EndGlobalSection
	GlobalSection(ProjectConfigurationPlatforms) = postSolution
		{F9F92941-476D-4B6D-8D3D-A9E4FBE3B56F}.Debug|Any CPU.ActiveCfg = Debug|Any CPU
		{F9F92941-476D-4B6D-8D3D-A9E4FBE3B56F}.Debug|Any CPU.Build.0 = Debug|Any CPU
		{F9F92941-476D-4B6D-8D3D-A9E4FBE3B56F}.Release|Any CPU.ActiveCfg = Release|Any CPU
		{F9F92941-476D-4B6D-8D3D-A9E4FBE3B56F}.Release|Any CPU.Build.0 = Release|Any CPU
	EndGlobalSection
	GlobalSection(SolutionProperties) = preSolution
		HideSolutionNode = FALSE
	EndGlobalSection
	GlobalSection(ExtensibilityGlobals) = postSolution
		SolutionGuid = {872A89B3-1A5D-4BED-ADC3-37FC4C6D37D9}
	EndGlobalSection
EndGlobal
